
Microsoft Visual Studio Solution File, Format Version 12.00
# Visual Studio Version 16
VisualStudioVersion = 16.0.30611.23
MinimumVisualStudioVersion = 10.0.40219.1
Project("{9A19103F-16F7-4668-BE54-9A1E7A4F7556}") = "Domain", "Domain\Domain.csproj", "{5FC8C711-FFE6-4A71-8E8F-10190523B0E4}"
EndProject
Project("{9A19103F-16F7-4668-BE54-9A1E7A4F7556}") = "Data", "Data\Data.csproj", "{ADD851B2-110D-4CB7-BA79-58B4757D8995}"
EndProject
Project("{9A19103F-16F7-4668-BE54-9A1E7A4F7556}") = "ConsoleApp1", "ConsoleApp1\ConsoleApp1.csproj", "{4356A97F-C84D-4289-B5D6-F7044BB5082A}"
EndProject
Project("{FAE04EC0-301F-11D3-BF4B-00C04F79EFBC}") = "WebApp", "WebApp\WebApp.csproj", "{DA6A21A5-43E3-453A-81FD-62ED47584377}"
EndProject
Global
	GlobalSection(SolutionConfigurationPlatforms) = preSolution
		Debug|Any CPU = Debug|Any CPU
		Release|Any CPU = Release|Any CPU
	EndGlobalSection
	GlobalSection(ProjectConfigurationPlatforms) = postSolution
		{5FC8C711-FFE6-4A71-8E8F-10190523B0E4}.Debug|Any CPU.ActiveCfg = Debug|Any CPU
		{5FC8C711-FFE6-4A71-8E8F-10190523B0E4}.Debug|Any CPU.Build.0 = Debug|Any CPU
		{5FC8C711-FFE6-4A71-8E8F-10190523B0E4}.Release|Any CPU.ActiveCfg = Release|Any CPU
		{5FC8C711-FFE6-4A71-8E8F-10190523B0E4}.Release|Any CPU.Build.0 = Release|Any CPU
		{ADD851B2-110D-4CB7-BA79-58B4757D8995}.Debug|Any CPU.ActiveCfg = Debug|Any CPU
		{ADD851B2-110D-4CB7-BA79-58B4757D8995}.Debug|Any CPU.Build.0 = Debug|Any CPU
		{ADD851B2-110D-4CB7-BA79-58B4757D8995}.Release|Any CPU.ActiveCfg = Release|Any CPU
		{ADD851B2-110D-4CB7-BA79-58B4757D8995}.Release|Any CPU.Build.0 = Release|Any CPU
		{4356A97F-C84D-4289-B5D6-F7044BB5082A}.Debug|Any CPU.ActiveCfg = Debug|Any CPU
		{4356A97F-C84D-4289-B5D6-F7044BB5082A}.Debug|Any CPU.Build.0 = Debug|Any CPU
		{4356A97F-C84D-4289-B5D6-F7044BB5082A}.Release|Any CPU.ActiveCfg = Release|Any CPU
		{4356A97F-C84D-4289-B5D6-F7044BB5082A}.Release|Any CPU.Build.0 = Release|Any CPU
		{DA6A21A5-43E3-453A-81FD-62ED47584377}.Debug|Any CPU.ActiveCfg = Debug|Any CPU
		{DA6A21A5-43E3-453A-81FD-62ED47584377}.Debug|Any CPU.Build.0 = Debug|Any CPU
		{DA6A21A5-43E3-453A-81FD-62ED47584377}.Release|Any CPU.ActiveCfg = Release|Any CPU
		{DA6A21A5-43E3-453A-81FD-62ED47584377}.Release|Any CPU.Build.0 = Release|Any CPU
	EndGlobalSection
	GlobalSection(SolutionProperties) = preSolution
		HideSolutionNode = FALSE
	EndGlobalSection
	GlobalSection(ExtensibilityGlobals) = postSolution
		SolutionGuid = {9D0D7F77-AEA8-4231-A2F2-52DD10E59F6F}
	EndGlobalSection
EndGlobal
